<?xml version="1.0" encoding="utf-8"?>
<Project ToolsVersion="4.0" xmlns="http://schemas.microsoft.com/developer/msbuild/2003">
  <ItemGroup>
    <Filter Include="Source Files">
      <UniqueIdentifier>{4FC737F1-C7A5-4376-A066-2A32D752A2FF}</UniqueIdentifier>
      <Extensions>qml;cpp;c;cc;cxx;def;odl;idl;hpj;bat;asm;asmx</Extensions>
    </Filter>
    <Filter Include="Header Files">
      <UniqueIdentifier>{93995380-89BD-4b04-88EB-625FBE52EBFB}</UniqueIdentifier>
      <Extensions>h;hh;hpp;hxx;hm;inl;inc;xsd</Extensions>
    </Filter>
    <Filter Include="Resource Files">
      <UniqueIdentifier>{67DA6AB6-F800-4c08-8B7A-83BB121AAD01}</UniqueIdentifier>
      <Extensions>qrc;rc;ico;cur;bmp;dlg;rc2;rct;bin;rgs;gif;jpg;jpeg;jpe;resx;tiff;tif;png;wav;mfcribbon-ms</Extensions>
    </Filter>
    <Filter Include="Form Files">
      <UniqueIdentifier>{99349809-55BA-4b9d-BF79-8FDBB0286EB3}</UniqueIdentifier>
      <Extensions>ui</Extensions>
    </Filter>
    <Filter Include="Translation Files">
      <UniqueIdentifier>{639EADAA-A684-42e4-A9AD-28FC9BCB8F7C}</UniqueIdentifier>
      <Extensions>ts</Extensions>
    </Filter>
    <Filter Include="data">
      <UniqueIdentifier>{04e67c18-6738-4d36-a517-eb9313ede753}</UniqueIdentifier>
    </Filter>
    <Filter Include="images">
      <UniqueIdentifier>{975c723a-aac4-4d4b-935b-3cb747a8ad51}</UniqueIdentifier>
    </Filter>
    <Filter Include="videos">
      <UniqueIdentifier>{80dda074-db3b-4dec-9641-52d8199fa6b4}</UniqueIdentifier>
    </Filter>
    <Filter Include="qml">
      <UniqueIdentifier>{0c1b92ec-260b-4218-8da3-8cc19934f0bb}</UniqueIdentifier>
    </Filter>
    <Filter Include="qml\components">
      <UniqueIdentifier>{594ed630-1f6e-4708-9c9c-7a6ae27eef0a}</UniqueIdentifier>
    </Filter>
    <Filter Include="qml\pages">
      <UniqueIdentifier>{d1fbd16c-c1f3-4639-9246-5475eb5f1cb7}</UniqueIdentifier>
    </Filter>
    <Filter Include="qml\utils">
      <UniqueIdentifier>{3a7f0c16-50bd-4c63-b5e1-3acf8fad1d4b}</UniqueIdentifier>
    </Filter>
  </ItemGroup>
  <ItemGroup>
    <ClInclude Include="shared\DatabaseUtils.h">
      <Filter>Header Files</Filter>
    </ClInclude>
    <ClInclude Include="models\MediaModels.h">
      <Filter>Header Files</Filter>
    </ClInclude>
    <ClInclude Include="models\StreamingDataModel.h">
      <Filter>Header Files</Filter>
    </ClInclude>
    <ClCompile Include="shared\DatabaseUtils.cpp">
      <Filter>Source Files</Filter>
    </ClCompile>
    <ClCompile Include="main.cpp">
      <Filter>Source Files</Filter>
    </ClCompile>
    <ClCompile Include="models\StreamingDataModel.cpp">
      <Filter>Source Files</Filter>
    </ClCompile>
    <QtRcc Include="qml.qrc">
      <Filter>Resource Files</Filter>
    </QtRcc>
    <None Include="main.qml">
      <Filter>qml</Filter>
    </None>
    <None Include="qml\components\HeroBanner.qml">
      <Filter>qml\components</Filter>
    </None>
    <None Include="qml\components\MediaCard.qml">
      <Filter>qml\components</Filter>
    </None>
    <None Include="qml\components\NavigationBar.qml">
      <Filter>qml\components</Filter>
    </None>
    <None Include="qml\pages\HomePage.qml">
      <Filter>qml\pages</Filter>
    </None>
    <None Include="qml\pages\LoginPage.qml">
      <Filter>qml\pages</Filter>
    </None>
    <None Include="qml\utils\Formatting.js">
      <Filter>qml\utils</Filter>
    </None>
    <ClInclude Include="resource.h">
      <Filter>Header Files</Filter>
    </ClInclude>
  </ItemGroup>
  <ItemGroup>
    <ResourceCompile Include="FinalProject.rc">
      <Filter>Resource Files</Filter>
    </ResourceCompile>
  </ItemGroup>
</Project>